// !$*UTF8*$!
{
	archiveVersion = 1;
	classes = {
	};
	objectVersion = 46;
	objects = {

/* Begin PBXBuildFile section */
		186C9F5346B0C9D72769D71E /* Pods_Sunrise_Alarm.framework in Frameworks */ = {isa = PBXBuildFile; fileRef = 0447E44445EE51D3C51A284C /* Pods_Sunrise_Alarm.framework */; };
		3A11F4D509F41602A8B728D7 /* Pods_SunriseAlarm.framework in Frameworks */ = {isa = PBXBuildFile; fileRef = E38E7637227EB189003B904F /* Pods_SunriseAlarm.framework */; };
		524E3022211DEEFF009F7055 /* Settings.swift in Sources */ = {isa = PBXBuildFile; fileRef = 524E3021211DEEFF009F7055 /* Settings.swift */; };
		524E3031211E2D11009F7055 /* GothamProMedium.ttf in Resources */ = {isa = PBXBuildFile; fileRef = 524E302D211E2D03009F7055 /* GothamProMedium.ttf */; };
		524E3032211E2D11009F7055 /* GothamProBlack.ttf in Resources */ = {isa = PBXBuildFile; fileRef = 524E302E211E2D06009F7055 /* GothamProBlack.ttf */; };
		524E3033211E2D11009F7055 /* GothamProRegular.ttf in Resources */ = {isa = PBXBuildFile; fileRef = 524E302F211E2D07009F7055 /* GothamProRegular.ttf */; };
		524E3034211E2D11009F7055 /* GothamProBold.ttf in Resources */ = {isa = PBXBuildFile; fileRef = 524E3030211E2D0B009F7055 /* GothamProBold.ttf */; };
		52814CF720584D33008A68A7 /* LaunchScreen.xib in Resources */ = {isa = PBXBuildFile; fileRef = 52814CF620584D33008A68A7 /* LaunchScreen.xib */; };
		52814CF9205B0F1D008A68A7 /* Extensions.swift in Sources */ = {isa = PBXBuildFile; fileRef = 52814CF8205B0F1D008A68A7 /* Extensions.swift */; };
		52814CFB205B1759008A68A7 /* Utils.swift in Sources */ = {isa = PBXBuildFile; fileRef = 52814CFA205B1759008A68A7 /* Utils.swift */; };
		52814D0D205C1946008A68A7 /* Sunrise_AlarmUITests.swift in Sources */ = {isa = PBXBuildFile; fileRef = 52814D0C205C1946008A68A7 /* Sunrise_AlarmUITests.swift */; };
		52814D14205C1950008A68A7 /* SnapshotHelper.swift in Sources */ = {isa = PBXBuildFile; fileRef = 52814D01205C17D2008A68A7 /* SnapshotHelper.swift */; };
		52AF6D9D2056D97E00696CFF /* Space.mp3 in Resources */ = {isa = PBXBuildFile; fileRef = 52AF6D9C2056D97E00696CFF /* Space.mp3 */; };
		52AF6D9F2056D99200696CFF /* Ring.mp3 in Resources */ = {isa = PBXBuildFile; fileRef = 52AF6D9E2056D99200696CFF /* Ring.mp3 */; };
		52AF6DAF2056D9B900696CFF /* Escape.mp3 in Resources */ = {isa = PBXBuildFile; fileRef = 52AF6DA02056D9B700696CFF /* Escape.mp3 */; };
		52AF6DB02056D9B900696CFF /* Oldie.mp3 in Resources */ = {isa = PBXBuildFile; fileRef = 52AF6DA12056D9B700696CFF /* Oldie.mp3 */; };
		52AF6DB12056D9B900696CFF /* Police.mp3 in Resources */ = {isa = PBXBuildFile; fileRef = 52AF6DA22056D9B700696CFF /* Police.mp3 */; };
		52AF6DB22056D9B900696CFF /* Wake.mp3 in Resources */ = {isa = PBXBuildFile; fileRef = 52AF6DA32056D9B700696CFF /* Wake.mp3 */; };
		52AF6DB32056D9B900696CFF /* Electronica.mp3 in Resources */ = {isa = PBXBuildFile; fileRef = 52AF6DA42056D9B700696CFF /* Electronica.mp3 */; };
		52AF6DB42056D9B900696CFF /* Lollypop.mp3 in Resources */ = {isa = PBXBuildFile; fileRef = 52AF6DA52056D9B700696CFF /* Lollypop.mp3 */; };
		52AF6DB52056D9B900696CFF /* Dracula.mp3 in Resources */ = {isa = PBXBuildFile; fileRef = 52AF6DA62056D9B700696CFF /* Dracula.mp3 */; };
		52AF6DB72056D9B900696CFF /* Ping.mp3 in Resources */ = {isa = PBXBuildFile; fileRef = 52AF6DA82056D9B800696CFF /* Ping.mp3 */; };
		52AF6DB82056D9B900696CFF /* Funky.mp3 in Resources */ = {isa = PBXBuildFile; fileRef = 52AF6DA92056D9B800696CFF /* Funky.mp3 */; };
		52AF6DB92056D9B900696CFF /* Trumpet.mp3 in Resources */ = {isa = PBXBuildFile; fileRef = 52AF6DAA2056D9B800696CFF /* Trumpet.mp3 */; };
		52AF6DBA2056D9B900696CFF /* Tugboat.mp3 in Resources */ = {isa = PBXBuildFile; fileRef = 52AF6DAB2056D9B800696CFF /* Tugboat.mp3 */; };
		52AF6DBB2056D9B900696CFF /* Party.mp3 in Resources */ = {isa = PBXBuildFile; fileRef = 52AF6DAC2056D9B800696CFF /* Party.mp3 */; };
		52AF6DBC2056D9B900696CFF /* Transmission.mp3 in Resources */ = {isa = PBXBuildFile; fileRef = 52AF6DAD2056D9B800696CFF /* Transmission.mp3 */; };
		52AF6DBD2056D9B900696CFF /* Chime.mp3 in Resources */ = {isa = PBXBuildFile; fileRef = 52AF6DAE2056D9B800696CFF /* Chime.mp3 */; };
		52C7034821442B3000AC839F /* Purchase.swift in Sources */ = {isa = PBXBuildFile; fileRef = 52C7034721442B3000AC839F /* Purchase.swift */; };
		52C7034E21442B8200AC839F /* Themes.swift in Sources */ = {isa = PBXBuildFile; fileRef = 52C7034D21442B8200AC839F /* Themes.swift */; };
		52C7035221442BA700AC839F /* Upgrade.swift in Sources */ = {isa = PBXBuildFile; fileRef = 52C7035121442BA700AC839F /* Upgrade.swift */; };
		52C7035421442D7800AC839F /* Dialogs.swift in Sources */ = {isa = PBXBuildFile; fileRef = 52C7035321442D7800AC839F /* Dialogs.swift */; };
		52C703582144439600AC839F /* StoreKit.framework in Frameworks */ = {isa = PBXBuildFile; fileRef = 52C703572144439600AC839F /* StoreKit.framework */; };
		71665CCCDD5FC683F70B5E79 /* Pods_SunriseAlarm.framework in Frameworks */ = {isa = PBXBuildFile; fileRef = 438F227719CFB0B54F66ED36 /* Pods_SunriseAlarm.framework */; };
		7701B7B31E99414800908B6C /* UIWindow+Extension.swift in Sources */ = {isa = PBXBuildFile; fileRef = 7701B7B21E99414800908B6C /* UIWindow+Extension.swift */; };
		7732E6131E38A50200C9D9A2 /* Persistable.swift in Sources */ = {isa = PBXBuildFile; fileRef = 7732E6121E38A50200C9D9A2 /* Persistable.swift */; };
		77570F6B1E3EEA75005E2923 /* PropertyReflectable.swift in Sources */ = {isa = PBXBuildFile; fileRef = 77570F6A1E3EEA75005E2923 /* PropertyReflectable.swift */; };
		7773A0F81E43276700811A1D /* Constants.swift in Sources */ = {isa = PBXBuildFile; fileRef = 7773A0F71E43276700811A1D /* Constants.swift */; };
		7773A0FA1E4610B700811A1D /* SegueInfo.swift in Sources */ = {isa = PBXBuildFile; fileRef = 7773A0F91E4610B700811A1D /* SegueInfo.swift */; };
		77A8570D1E40D76000971367 /* AlarmApplicationDelegate.swift in Sources */ = {isa = PBXBuildFile; fileRef = 77A8570C1E40D76000971367 /* AlarmApplicationDelegate.swift */; };
		77A8570F1E41A04600971367 /* AlarmSchedulerDelegate.swift in Sources */ = {isa = PBXBuildFile; fileRef = 77A8570E1E41A04600971367 /* AlarmSchedulerDelegate.swift */; };
		77B08F9F1EA6552100BECF6C /* NotificationName+Extension.swift in Sources */ = {isa = PBXBuildFile; fileRef = 77B08F9E1EA6552100BECF6C /* NotificationName+Extension.swift */; };
		9E16062C1C62358F009B2407 /* ChooseSound.swift in Sources */ = {isa = PBXBuildFile; fileRef = 9E16062B1C62358F009B2407 /* ChooseSound.swift */; };
		9E1F30731C49128000C66F79 /* Scheduler.swift in Sources */ = {isa = PBXBuildFile; fileRef = 9E1F30721C49128000C66F79 /* Scheduler.swift */; };
		9E3B062F1BB8347000453456 /* Bell.mp3 in Resources */ = {isa = PBXBuildFile; fileRef = 9E3B062E1BB8347000453456 /* Bell.mp3 */; };
		9E603F591BD7CA6600303E93 /* LabelEditViewController.swift in Sources */ = {isa = PBXBuildFile; fileRef = 9E603F581BD7CA6600303E93 /* LabelEditViewController.swift */; };
		9E92445B1C690A8D00724DFA /* Tickle.mp3 in Resources */ = {isa = PBXBuildFile; fileRef = 9E92445A1C690A8D00724DFA /* Tickle.mp3 */; };
		9E9BEE071BCF8FF8000CF364 /* WeekdaysViewController.swift in Sources */ = {isa = PBXBuildFile; fileRef = 9E9BEE061BCF8FF8000CF364 /* WeekdaysViewController.swift */; };
		9EED78721AA0F03F00961BC2 /* AppDelegate.swift in Sources */ = {isa = PBXBuildFile; fileRef = 9EED78711AA0F03F00961BC2 /* AppDelegate.swift */; };
		9EED78771AA0F03F00961BC2 /* Main.storyboard in Resources */ = {isa = PBXBuildFile; fileRef = 9EED78751AA0F03F00961BC2 /* Main.storyboard */; };
		9EED78791AA0F03F00961BC2 /* Images.xcassets in Resources */ = {isa = PBXBuildFile; fileRef = 9EED78781AA0F03F00961BC2 /* Images.xcassets */; };
		9EED78941AA1E51700961BC2 /* AlarmModel.swift in Sources */ = {isa = PBXBuildFile; fileRef = 9EED78931AA1E51700961BC2 /* AlarmModel.swift */; };
		9EED789A1AA36C7900961BC2 /* AlarmAddEditViewController.swift in Sources */ = {isa = PBXBuildFile; fileRef = 9EED78991AA36C7900961BC2 /* AlarmAddEditViewController.swift */; };
		9EEEC58C1BC641BF00459CF7 /* MainAlarmViewController.swift in Sources */ = {isa = PBXBuildFile; fileRef = 9EEEC58B1BC641BF00459CF7 /* MainAlarmViewController.swift */; };
		E38E7618227DFC8A003B904F /* NotificationCenter.framework in Frameworks */ = {isa = PBXBuildFile; fileRef = E38E7617227DFC8A003B904F /* NotificationCenter.framework */; };
		E38E761B227DFC8A003B904F /* TodayViewController.swift in Sources */ = {isa = PBXBuildFile; fileRef = E38E761A227DFC8A003B904F /* TodayViewController.swift */; };
		E38E761E227DFC8A003B904F /* MainInterface.storyboard in Resources */ = {isa = PBXBuildFile; fileRef = E38E761C227DFC8A003B904F /* MainInterface.storyboard */; };
		E38E7622227DFC8A003B904F /* Sunrise Alarm.appex in Embed App Extensions */ = {isa = PBXBuildFile; fileRef = E38E7616227DFC89003B904F /* Sunrise Alarm.appex */; settings = {ATTRIBUTES = (RemoveHeadersOnCopy, ); }; };
		E38E762B227EAA15003B904F /* AlarmModel.swift in Sources */ = {isa = PBXBuildFile; fileRef = 9EED78931AA1E51700961BC2 /* AlarmModel.swift */; };
		E38E762C227EAE83003B904F /* Constants.swift in Sources */ = {isa = PBXBuildFile; fileRef = 7773A0F71E43276700811A1D /* Constants.swift */; };
		E38E762E227EAF43003B904F /* WeekdaysViewController.swift in Sources */ = {isa = PBXBuildFile; fileRef = 9E9BEE061BCF8FF8000CF364 /* WeekdaysViewController.swift */; };
		E38E762F227EB014003B904F /* AlarmSchedulerDelegate.swift in Sources */ = {isa = PBXBuildFile; fileRef = 77A8570E1E41A04600971367 /* AlarmSchedulerDelegate.swift */; };
		E38E7632227EB067003B904F /* Persistable.swift in Sources */ = {isa = PBXBuildFile; fileRef = 7732E6121E38A50200C9D9A2 /* Persistable.swift */; };
		E38E7634227EB15E003B904F /* PropertyReflectable.swift in Sources */ = {isa = PBXBuildFile; fileRef = 77570F6A1E3EEA75005E2923 /* PropertyReflectable.swift */; };
		E38E7635227EB163003B904F /* Scheduler.swift in Sources */ = {isa = PBXBuildFile; fileRef = 9E1F30721C49128000C66F79 /* Scheduler.swift */; };
		E38E7636227EB166003B904F /* Extensions.swift in Sources */ = {isa = PBXBuildFile; fileRef = 52814CF8205B0F1D008A68A7 /* Extensions.swift */; };
		E38E7639227EB1B4003B904F /* Utils.swift in Sources */ = {isa = PBXBuildFile; fileRef = 52814CFA205B1759008A68A7 /* Utils.swift */; };
		E38E763A227EB76B003B904F /* GothamProBlack.ttf in Resources */ = {isa = PBXBuildFile; fileRef = 524E302E211E2D06009F7055 /* GothamProBlack.ttf */; };
		E38E763B227EB76B003B904F /* GothamProBold.ttf in Resources */ = {isa = PBXBuildFile; fileRef = 524E3030211E2D0B009F7055 /* GothamProBold.ttf */; };
		E38E763C227EB76B003B904F /* GothamProMedium.ttf in Resources */ = {isa = PBXBuildFile; fileRef = 524E302D211E2D03009F7055 /* GothamProMedium.ttf */; };
		E38E763D227EB76B003B904F /* GothamProRegular.ttf in Resources */ = {isa = PBXBuildFile; fileRef = 524E302F211E2D07009F7055 /* GothamProRegular.ttf */; };
/* End PBXBuildFile section */

/* Begin PBXContainerItemProxy section */
		52814D0F205C1946008A68A7 /* PBXContainerItemProxy */ = {
			isa = PBXContainerItemProxy;
			containerPortal = 9EED78641AA0F03F00961BC2 /* Project object */;
			proxyType = 1;
			remoteGlobalIDString = 9EED786B1AA0F03F00961BC2;
			remoteInfo = "Sunrise Alarm";
		};
		9EED78821AA0F03F00961BC2 /* PBXContainerItemProxy */ = {
			isa = PBXContainerItemProxy;
			containerPortal = 9EED78641AA0F03F00961BC2 /* Project object */;
			proxyType = 1;
			remoteGlobalIDString = 9EED786B1AA0F03F00961BC2;
			remoteInfo = WeatherAlarm;
		};
		E38E7620227DFC8A003B904F /* PBXContainerItemProxy */ = {
			isa = PBXContainerItemProxy;
			containerPortal = 9EED78641AA0F03F00961BC2 /* Project object */;
			proxyType = 1;
			remoteGlobalIDString = E38E7615227DFC89003B904F;
			remoteInfo = "Sunrise Alarm";
		};
/* End PBXContainerItemProxy section */

/* Begin PBXCopyFilesBuildPhase section */
		E38E7626227DFC8A003B904F /* Embed App Extensions */ = {
			isa = PBXCopyFilesBuildPhase;
			buildActionMask = 2147483647;
			dstPath = "";
			dstSubfolderSpec = 13;
			files = (
				E38E7622227DFC8A003B904F /* Sunrise Alarm.appex in Embed App Extensions */,
			);
			name = "Embed App Extensions";
			runOnlyForDeploymentPostprocessing = 0;
		};
/* End PBXCopyFilesBuildPhase section */

/* Begin PBXFileReference section */
		0447E44445EE51D3C51A284C /* Pods_Sunrise_Alarm.framework */ = {isa = PBXFileReference; explicitFileType = wrapper.framework; includeInIndex = 0; path = Pods_Sunrise_Alarm.framework; sourceTree = BUILT_PRODUCTS_DIR; };
		0CF329F54A58D8C6D762BDBD /* Pods-SunriseAlarm.debug.xcconfig */ = {isa = PBXFileReference; includeInIndex = 1; lastKnownFileType = text.xcconfig; name = "Pods-SunriseAlarm.debug.xcconfig"; path = "Pods/Target Support Files/Pods-SunriseAlarm/Pods-SunriseAlarm.debug.xcconfig"; sourceTree = "<group>"; };
		427257CD547760A302088F21 /* Pods_SunriseAlarmTests.framework */ = {isa = PBXFileReference; explicitFileType = wrapper.framework; includeInIndex = 0; path = Pods_SunriseAlarmTests.framework; sourceTree = BUILT_PRODUCTS_DIR; };
		438F227719CFB0B54F66ED36 /* Pods_SunriseAlarm.framework */ = {isa = PBXFileReference; explicitFileType = wrapper.framework; includeInIndex = 0; path = Pods_SunriseAlarm.framework; sourceTree = BUILT_PRODUCTS_DIR; };
		524E3021211DEEFF009F7055 /* Settings.swift */ = {isa = PBXFileReference; lastKnownFileType = sourcecode.swift; name = Settings.swift; path = SunriseAlarm/Settings.swift; sourceTree = SOURCE_ROOT; };
		524E302D211E2D03009F7055 /* GothamProMedium.ttf */ = {isa = PBXFileReference; lastKnownFileType = file; path = GothamProMedium.ttf; sourceTree = "<group>"; };
		524E302E211E2D06009F7055 /* GothamProBlack.ttf */ = {isa = PBXFileReference; lastKnownFileType = file; path = GothamProBlack.ttf; sourceTree = "<group>"; };
		524E302F211E2D07009F7055 /* GothamProRegular.ttf */ = {isa = PBXFileReference; lastKnownFileType = file; path = GothamProRegular.ttf; sourceTree = "<group>"; };
		524E3030211E2D0B009F7055 /* GothamProBold.ttf */ = {isa = PBXFileReference; lastKnownFileType = file; path = GothamProBold.ttf; sourceTree = "<group>"; };
		52814CF620584D33008A68A7 /* LaunchScreen.xib */ = {isa = PBXFileReference; fileEncoding = 4; lastKnownFileType = file.xib; path = LaunchScreen.xib; sourceTree = "<group>"; };
		52814CF8205B0F1D008A68A7 /* Extensions.swift */ = {isa = PBXFileReference; lastKnownFileType = sourcecode.swift; path = Extensions.swift; sourceTree = "<group>"; };
		52814CFA205B1759008A68A7 /* Utils.swift */ = {isa = PBXFileReference; lastKnownFileType = sourcecode.swift; path = Utils.swift; sourceTree = "<group>"; };
		52814D01205C17D2008A68A7 /* SnapshotHelper.swift */ = {isa = PBXFileReference; fileEncoding = 4; lastKnownFileType = sourcecode.swift; path = SnapshotHelper.swift; sourceTree = "<group>"; };
		52814D0A205C1946008A68A7 /* SunriseAlarmUITests.xctest */ = {isa = PBXFileReference; explicitFileType = wrapper.cfbundle; includeInIndex = 0; path = SunriseAlarmUITests.xctest; sourceTree = BUILT_PRODUCTS_DIR; };
		52814D0C205C1946008A68A7 /* Sunrise_AlarmUITests.swift */ = {isa = PBXFileReference; lastKnownFileType = sourcecode.swift; path = Sunrise_AlarmUITests.swift; sourceTree = "<group>"; };
		52814D0E205C1946008A68A7 /* Info.plist */ = {isa = PBXFileReference; lastKnownFileType = text.plist.xml; path = Info.plist; sourceTree = "<group>"; };
		52AF6D9C2056D97E00696CFF /* Space.mp3 */ = {isa = PBXFileReference; lastKnownFileType = audio.mp3; path = Space.mp3; sourceTree = "<group>"; };
		52AF6D9E2056D99200696CFF /* Ring.mp3 */ = {isa = PBXFileReference; lastKnownFileType = audio.mp3; path = Ring.mp3; sourceTree = "<group>"; };
		52AF6DA02056D9B700696CFF /* Escape.mp3 */ = {isa = PBXFileReference; lastKnownFileType = audio.mp3; path = Escape.mp3; sourceTree = "<group>"; };
		52AF6DA12056D9B700696CFF /* Oldie.mp3 */ = {isa = PBXFileReference; lastKnownFileType = audio.mp3; path = Oldie.mp3; sourceTree = "<group>"; };
		52AF6DA22056D9B700696CFF /* Police.mp3 */ = {isa = PBXFileReference; lastKnownFileType = audio.mp3; path = Police.mp3; sourceTree = "<group>"; };
		52AF6DA32056D9B700696CFF /* Wake.mp3 */ = {isa = PBXFileReference; lastKnownFileType = audio.mp3; path = Wake.mp3; sourceTree = "<group>"; };
		52AF6DA42056D9B700696CFF /* Electronica.mp3 */ = {isa = PBXFileReference; lastKnownFileType = audio.mp3; path = Electronica.mp3; sourceTree = "<group>"; };
		52AF6DA52056D9B700696CFF /* Lollypop.mp3 */ = {isa = PBXFileReference; lastKnownFileType = audio.mp3; path = Lollypop.mp3; sourceTree = "<group>"; };
		52AF6DA62056D9B700696CFF /* Dracula.mp3 */ = {isa = PBXFileReference; lastKnownFileType = audio.mp3; path = Dracula.mp3; sourceTree = "<group>"; };
		52AF6DA82056D9B800696CFF /* Ping.mp3 */ = {isa = PBXFileReference; lastKnownFileType = audio.mp3; path = Ping.mp3; sourceTree = "<group>"; };
		52AF6DA92056D9B800696CFF /* Funky.mp3 */ = {isa = PBXFileReference; lastKnownFileType = audio.mp3; path = Funky.mp3; sourceTree = "<group>"; };
		52AF6DAA2056D9B800696CFF /* Trumpet.mp3 */ = {isa = PBXFileReference; lastKnownFileType = audio.mp3; path = Trumpet.mp3; sourceTree = "<group>"; };
		52AF6DAB2056D9B800696CFF /* Tugboat.mp3 */ = {isa = PBXFileReference; lastKnownFileType = audio.mp3; path = Tugboat.mp3; sourceTree = "<group>"; };
		52AF6DAC2056D9B800696CFF /* Party.mp3 */ = {isa = PBXFileReference; lastKnownFileType = audio.mp3; path = Party.mp3; sourceTree = "<group>"; };
		52AF6DAD2056D9B800696CFF /* Transmission.mp3 */ = {isa = PBXFileReference; lastKnownFileType = audio.mp3; path = Transmission.mp3; sourceTree = "<group>"; };
		52AF6DAE2056D9B800696CFF /* Chime.mp3 */ = {isa = PBXFileReference; lastKnownFileType = audio.mp3; path = Chime.mp3; sourceTree = "<group>"; };
		52C7034721442B3000AC839F /* Purchase.swift */ = {isa = PBXFileReference; lastKnownFileType = sourcecode.swift; path = Purchase.swift; sourceTree = "<group>"; };
		52C7034D21442B8200AC839F /* Themes.swift */ = {isa = PBXFileReference; lastKnownFileType = sourcecode.swift; path = Themes.swift; sourceTree = "<group>"; };
		52C7035121442BA700AC839F /* Upgrade.swift */ = {isa = PBXFileReference; lastKnownFileType = sourcecode.swift; path = Upgrade.swift; sourceTree = "<group>"; };
		52C7035321442D7800AC839F /* Dialogs.swift */ = {isa = PBXFileReference; lastKnownFileType = sourcecode.swift; path = Dialogs.swift; sourceTree = "<group>"; };
		52C703572144439600AC839F /* StoreKit.framework */ = {isa = PBXFileReference; lastKnownFileType = wrapper.framework; name = StoreKit.framework; path = System/Library/Frameworks/StoreKit.framework; sourceTree = SDKROOT; };
		55E5010C086CB4396F1148E2 /* Pods-Sunrise Alarm.release.xcconfig */ = {isa = PBXFileReference; includeInIndex = 1; lastKnownFileType = text.xcconfig; name = "Pods-Sunrise Alarm.release.xcconfig"; path = "Pods/Target Support Files/Pods-Sunrise Alarm/Pods-Sunrise Alarm.release.xcconfig"; sourceTree = "<group>"; };
		7701B7B21E99414800908B6C /* UIWindow+Extension.swift */ = {isa = PBXFileReference; fileEncoding = 4; lastKnownFileType = sourcecode.swift; path = "UIWindow+Extension.swift"; sourceTree = "<group>"; };
		7732E6121E38A50200C9D9A2 /* Persistable.swift */ = {isa = PBXFileReference; fileEncoding = 4; lastKnownFileType = sourcecode.swift; path = Persistable.swift; sourceTree = "<group>"; };
		77570F6A1E3EEA75005E2923 /* PropertyReflectable.swift */ = {isa = PBXFileReference; fileEncoding = 4; lastKnownFileType = sourcecode.swift; path = PropertyReflectable.swift; sourceTree = "<group>"; };
		7773A0F71E43276700811A1D /* Constants.swift */ = {isa = PBXFileReference; fileEncoding = 4; lastKnownFileType = sourcecode.swift; path = Constants.swift; sourceTree = "<group>"; };
		7773A0F91E4610B700811A1D /* SegueInfo.swift */ = {isa = PBXFileReference; fileEncoding = 4; lastKnownFileType = sourcecode.swift; path = SegueInfo.swift; sourceTree = "<group>"; };
		77A8570C1E40D76000971367 /* AlarmApplicationDelegate.swift */ = {isa = PBXFileReference; fileEncoding = 4; lastKnownFileType = sourcecode.swift; path = AlarmApplicationDelegate.swift; sourceTree = "<group>"; };
		77A8570E1E41A04600971367 /* AlarmSchedulerDelegate.swift */ = {isa = PBXFileReference; fileEncoding = 4; lastKnownFileType = sourcecode.swift; path = AlarmSchedulerDelegate.swift; sourceTree = "<group>"; };
		77B08F9E1EA6552100BECF6C /* NotificationName+Extension.swift */ = {isa = PBXFileReference; fileEncoding = 4; lastKnownFileType = sourcecode.swift; path = "NotificationName+Extension.swift"; sourceTree = "<group>"; };
		7F58935439D884F2044ACC3C /* Pods_SunriseAlarmUITests.framework */ = {isa = PBXFileReference; explicitFileType = wrapper.framework; includeInIndex = 0; path = Pods_SunriseAlarmUITests.framework; sourceTree = BUILT_PRODUCTS_DIR; };
		9E16062B1C62358F009B2407 /* ChooseSound.swift */ = {isa = PBXFileReference; fileEncoding = 4; lastKnownFileType = sourcecode.swift; path = ChooseSound.swift; sourceTree = "<group>"; };
		9E1F30721C49128000C66F79 /* Scheduler.swift */ = {isa = PBXFileReference; fileEncoding = 4; lastKnownFileType = sourcecode.swift; path = Scheduler.swift; sourceTree = "<group>"; };
		9E2756DFF21E05ADC73B93D1 /* Pods-Sunrise Alarm.debug.xcconfig */ = {isa = PBXFileReference; includeInIndex = 1; lastKnownFileType = text.xcconfig; name = "Pods-Sunrise Alarm.debug.xcconfig"; path = "Pods/Target Support Files/Pods-Sunrise Alarm/Pods-Sunrise Alarm.debug.xcconfig"; sourceTree = "<group>"; };
		9E3B062E1BB8347000453456 /* Bell.mp3 */ = {isa = PBXFileReference; lastKnownFileType = audio.mp3; path = Bell.mp3; sourceTree = "<group>"; };
		9E603F581BD7CA6600303E93 /* LabelEditViewController.swift */ = {isa = PBXFileReference; fileEncoding = 4; lastKnownFileType = sourcecode.swift; path = LabelEditViewController.swift; sourceTree = "<group>"; };
		9E92445A1C690A8D00724DFA /* Tickle.mp3 */ = {isa = PBXFileReference; lastKnownFileType = audio.mp3; path = Tickle.mp3; sourceTree = "<group>"; };
		9E9BEE061BCF8FF8000CF364 /* WeekdaysViewController.swift */ = {isa = PBXFileReference; fileEncoding = 4; lastKnownFileType = sourcecode.swift; path = WeekdaysViewController.swift; sourceTree = "<group>"; };
		9EED786C1AA0F03F00961BC2 /* SunriseAlarm.app */ = {isa = PBXFileReference; explicitFileType = wrapper.application; includeInIndex = 0; path = SunriseAlarm.app; sourceTree = BUILT_PRODUCTS_DIR; };
		9EED78701AA0F03F00961BC2 /* Info.plist */ = {isa = PBXFileReference; lastKnownFileType = text.plist.xml; path = Info.plist; sourceTree = "<group>"; };
		9EED78711AA0F03F00961BC2 /* AppDelegate.swift */ = {isa = PBXFileReference; lastKnownFileType = sourcecode.swift; path = AppDelegate.swift; sourceTree = "<group>"; };
		9EED78761AA0F03F00961BC2 /* Base */ = {isa = PBXFileReference; lastKnownFileType = file.storyboard; name = Base; path = Base.lproj/Main.storyboard; sourceTree = "<group>"; };
		9EED78781AA0F03F00961BC2 /* Images.xcassets */ = {isa = PBXFileReference; lastKnownFileType = folder.assetcatalog; path = Images.xcassets; sourceTree = "<group>"; };
		9EED78811AA0F03F00961BC2 /* SunriseAlarmTests.xctest */ = {isa = PBXFileReference; explicitFileType = wrapper.cfbundle; includeInIndex = 0; path = SunriseAlarmTests.xctest; sourceTree = BUILT_PRODUCTS_DIR; };
		9EED78931AA1E51700961BC2 /* AlarmModel.swift */ = {isa = PBXFileReference; fileEncoding = 4; lastKnownFileType = sourcecode.swift; path = AlarmModel.swift; sourceTree = "<group>"; };
		9EED78991AA36C7900961BC2 /* AlarmAddEditViewController.swift */ = {isa = PBXFileReference; fileEncoding = 4; lastKnownFileType = sourcecode.swift; path = AlarmAddEditViewController.swift; sourceTree = "<group>"; };
		9EEEC58B1BC641BF00459CF7 /* MainAlarmViewController.swift */ = {isa = PBXFileReference; fileEncoding = 4; lastKnownFileType = sourcecode.swift; path = MainAlarmViewController.swift; sourceTree = "<group>"; };
		D56E1236B5A300BF9BB6205C /* Pods-SunriseAlarm.release.xcconfig */ = {isa = PBXFileReference; includeInIndex = 1; lastKnownFileType = text.xcconfig; name = "Pods-SunriseAlarm.release.xcconfig"; path = "Pods/Target Support Files/Pods-SunriseAlarm/Pods-SunriseAlarm.release.xcconfig"; sourceTree = "<group>"; };
		E38E7611227DFB5C003B904F /* SunriseAlarm.entitlements */ = {isa = PBXFileReference; lastKnownFileType = text.plist.entitlements; path = SunriseAlarm.entitlements; sourceTree = "<group>"; };
		E38E7616227DFC89003B904F /* Sunrise Alarm.appex */ = {isa = PBXFileReference; explicitFileType = "wrapper.app-extension"; includeInIndex = 0; path = "Sunrise Alarm.appex"; sourceTree = BUILT_PRODUCTS_DIR; };
		E38E7617227DFC8A003B904F /* NotificationCenter.framework */ = {isa = PBXFileReference; lastKnownFileType = wrapper.framework; name = NotificationCenter.framework; path = System/Library/Frameworks/NotificationCenter.framework; sourceTree = SDKROOT; };
		E38E761A227DFC8A003B904F /* TodayViewController.swift */ = {isa = PBXFileReference; lastKnownFileType = sourcecode.swift; path = TodayViewController.swift; sourceTree = "<group>"; };
		E38E761D227DFC8A003B904F /* Base */ = {isa = PBXFileReference; lastKnownFileType = file.storyboard; name = Base; path = Base.lproj/MainInterface.storyboard; sourceTree = "<group>"; };
		E38E761F227DFC8A003B904F /* Info.plist */ = {isa = PBXFileReference; lastKnownFileType = text.plist.xml; path = Info.plist; sourceTree = "<group>"; };
		E38E7627227DFCB2003B904F /* Sunrise Alarm.entitlements */ = {isa = PBXFileReference; lastKnownFileType = text.plist.entitlements; path = "Sunrise Alarm.entitlements"; sourceTree = "<group>"; };
		E38E7637227EB189003B904F /* Pods_SunriseAlarm.framework */ = {isa = PBXFileReference; explicitFileType = wrapper.framework; path = Pods_SunriseAlarm.framework; sourceTree = BUILT_PRODUCTS_DIR; };
/* End PBXFileReference section */

/* Begin PBXFrameworksBuildPhase section */
		52814D07205C1946008A68A7 /* Frameworks */ = {
			isa = PBXFrameworksBuildPhase;
			buildActionMask = 2147483647;
			files = (
			);
			runOnlyForDeploymentPostprocessing = 0;
		};
		9EED78691AA0F03F00961BC2 /* Frameworks */ = {
			isa = PBXFrameworksBuildPhase;
			buildActionMask = 2147483647;
			files = (
				71665CCCDD5FC683F70B5E79 /* Pods_SunriseAlarm.framework in Frameworks */,
				52C703582144439600AC839F /* StoreKit.framework in Frameworks */,
				3A11F4D509F41602A8B728D7 /* Pods_SunriseAlarm.framework in Frameworks */,
			);
			runOnlyForDeploymentPostprocessing = 0;
		};
		9EED787E1AA0F03F00961BC2 /* Frameworks */ = {
			isa = PBXFrameworksBuildPhase;
			buildActionMask = 2147483647;
			files = (
			);
			runOnlyForDeploymentPostprocessing = 0;
		};
		E38E7613227DFC89003B904F /* Frameworks */ = {
			isa = PBXFrameworksBuildPhase;
			buildActionMask = 2147483647;
			files = (
				E38E7618227DFC8A003B904F /* NotificationCenter.framework in Frameworks */,
				186C9F5346B0C9D72769D71E /* Pods_Sunrise_Alarm.framework in Frameworks */,
			);
			runOnlyForDeploymentPostprocessing = 0;
		};
/* End PBXFrameworksBuildPhase section */

/* Begin PBXGroup section */
		524E3035211E2D15009F7055 /* Fonts */ = {
			isa = PBXGroup;
			children = (
				524E302E211E2D06009F7055 /* GothamProBlack.ttf */,
				524E3030211E2D0B009F7055 /* GothamProBold.ttf */,
				524E302D211E2D03009F7055 /* GothamProMedium.ttf */,
				524E302F211E2D07009F7055 /* GothamProRegular.ttf */,
			);
			path = Fonts;
			sourceTree = "<group>";
		};
		52814D0B205C1946008A68A7 /* SunriseAlarmUITests */ = {
			isa = PBXGroup;
			children = (
				52814D0E205C1946008A68A7 /* Info.plist */,
				52814D01205C17D2008A68A7 /* SnapshotHelper.swift */,
				52814D0C205C1946008A68A7 /* Sunrise_AlarmUITests.swift */,
			);
			path = SunriseAlarmUITests;
			sourceTree = "<group>";
		};
		52AF6D9B2056D92F00696CFF /* Sounds */ = {
			isa = PBXGroup;
			children = (
				9E3B062E1BB8347000453456 /* Bell.mp3 */,
				52AF6DAE2056D9B800696CFF /* Chime.mp3 */,
				52AF6DA62056D9B700696CFF /* Dracula.mp3 */,
				52AF6DA42056D9B700696CFF /* Electronica.mp3 */,
				52AF6DA02056D9B700696CFF /* Escape.mp3 */,
				52AF6DA92056D9B800696CFF /* Funky.mp3 */,
				52AF6DA52056D9B700696CFF /* Lollypop.mp3 */,
				52AF6DA12056D9B700696CFF /* Oldie.mp3 */,
				52AF6DAC2056D9B800696CFF /* Party.mp3 */,
				52AF6DA82056D9B800696CFF /* Ping.mp3 */,
				52AF6DA22056D9B700696CFF /* Police.mp3 */,
				52AF6D9E2056D99200696CFF /* Ring.mp3 */,
				52AF6D9C2056D97E00696CFF /* Space.mp3 */,
				9E92445A1C690A8D00724DFA /* Tickle.mp3 */,
				52AF6DAD2056D9B800696CFF /* Transmission.mp3 */,
				52AF6DAA2056D9B800696CFF /* Trumpet.mp3 */,
				52AF6DAB2056D9B800696CFF /* Tugboat.mp3 */,
				52AF6DA32056D9B700696CFF /* Wake.mp3 */,
			);
			path = Sounds;
			sourceTree = "<group>";
		};
		52C7034921442B4100AC839F /* Purchase */ = {
			isa = PBXGroup;
			children = (
				52C7034721442B3000AC839F /* Purchase.swift */,
				52C7034D21442B8200AC839F /* Themes.swift */,
				52C7035121442BA700AC839F /* Upgrade.swift */,
			);
			path = Purchase;
			sourceTree = "<group>";
		};
		770405701EA09FB2005F9379 /* Extension */ = {
			isa = PBXGroup;
			children = (
				77B08F9E1EA6552100BECF6C /* NotificationName+Extension.swift */,
				7701B7B21E99414800908B6C /* UIWindow+Extension.swift */,
			);
			path = Extension;
			sourceTree = "<group>";
		};
		7732E60F1E37594300C9D9A2 /* Core */ = {
			isa = PBXGroup;
			children = (
				770405701EA09FB2005F9379 /* Extension */,
				7751AD191E36F41E00CDED58 /* Model */,
				77A8570C1E40D76000971367 /* AlarmApplicationDelegate.swift */,
				77A8570E1E41A04600971367 /* AlarmSchedulerDelegate.swift */,
				7732E6121E38A50200C9D9A2 /* Persistable.swift */,
				77570F6A1E3EEA75005E2923 /* PropertyReflectable.swift */,
			);
			path = Core;
			sourceTree = "<group>";
		};
		7751AD191E36F41E00CDED58 /* Model */ = {
			isa = PBXGroup;
			children = (
				9EED78931AA1E51700961BC2 /* AlarmModel.swift */,
				7773A0F91E4610B700811A1D /* SegueInfo.swift */,
			);
			path = Model;
			sourceTree = "<group>";
		};
		77A857121E42FDAD00971367 /* Utils */ = {
			isa = PBXGroup;
			children = (
				7773A0F71E43276700811A1D /* Constants.swift */,
				52C7035321442D7800AC839F /* Dialogs.swift */,
				52814CF8205B0F1D008A68A7 /* Extensions.swift */,
				52814CFA205B1759008A68A7 /* Utils.swift */,
			);
			path = Utils;
			sourceTree = "<group>";
		};
		98E9F584A00D1BB95AEDA546 /* Frameworks */ = {
			isa = PBXGroup;
			children = (
				E38E7637227EB189003B904F /* Pods_SunriseAlarm.framework */,
				52C703572144439600AC839F /* StoreKit.framework */,
				438F227719CFB0B54F66ED36 /* Pods_SunriseAlarm.framework */,
				427257CD547760A302088F21 /* Pods_SunriseAlarmTests.framework */,
				7F58935439D884F2044ACC3C /* Pods_SunriseAlarmUITests.framework */,
				E38E7617227DFC8A003B904F /* NotificationCenter.framework */,
				0447E44445EE51D3C51A284C /* Pods_Sunrise_Alarm.framework */,
			);
			name = Frameworks;
			sourceTree = "<group>";
		};
		9EED78631AA0F03F00961BC2 = {
			isa = PBXGroup;
			children = (
				E38E7619227DFC8A003B904F /* Sunrise Alarm */,
				98E9F584A00D1BB95AEDA546 /* Frameworks */,
				9EED786E1AA0F03F00961BC2 /* SunriseAlarm */,
				C2C9FAEC40B34BCF3F59FD3A /* Pods */,
				9EED786D1AA0F03F00961BC2 /* Products */,
				52814D0B205C1946008A68A7 /* SunriseAlarmUITests */,
			);
			sourceTree = "<group>";
		};
		9EED786D1AA0F03F00961BC2 /* Products */ = {
			isa = PBXGroup;
			children = (
				9EED786C1AA0F03F00961BC2 /* SunriseAlarm.app */,
				9EED78811AA0F03F00961BC2 /* SunriseAlarmTests.xctest */,
				52814D0A205C1946008A68A7 /* SunriseAlarmUITests.xctest */,
				E38E7616227DFC89003B904F /* Sunrise Alarm.appex */,
			);
			name = Products;
			sourceTree = "<group>";
		};
		9EED786E1AA0F03F00961BC2 /* SunriseAlarm */ = {
			isa = PBXGroup;
			children = (
				E38E7611227DFB5C003B904F /* SunriseAlarm.entitlements */,
				9EED786F1AA0F03F00961BC2 /* Resources */,
				77A857121E42FDAD00971367 /* Utils */,
				52C7034921442B4100AC839F /* Purchase */,
				9EED78751AA0F03F00961BC2 /* Main.storyboard */,
				9EED78781AA0F03F00961BC2 /* Images.xcassets */,
				9EED78711AA0F03F00961BC2 /* AppDelegate.swift */,
				9EEEC58B1BC641BF00459CF7 /* MainAlarmViewController.swift */,
				9EED78991AA36C7900961BC2 /* AlarmAddEditViewController.swift */,
				9E603F581BD7CA6600303E93 /* LabelEditViewController.swift */,
				9E9BEE061BCF8FF8000CF364 /* WeekdaysViewController.swift */,
				9E16062B1C62358F009B2407 /* ChooseSound.swift */,
				9E1F30721C49128000C66F79 /* Scheduler.swift */,
				524E3021211DEEFF009F7055 /* Settings.swift */,
			);
			path = SunriseAlarm;
			sourceTree = "<group>";
		};
		9EED786F1AA0F03F00961BC2 /* Resources */ = {
			isa = PBXGroup;
			children = (
				524E3035211E2D15009F7055 /* Fonts */,
				7732E60F1E37594300C9D9A2 /* Core */,
				52AF6D9B2056D92F00696CFF /* Sounds */,
				9EED78701AA0F03F00961BC2 /* Info.plist */,
				52814CF620584D33008A68A7 /* LaunchScreen.xib */,
			);
			path = Resources;
			sourceTree = "<group>";
		};
		C2C9FAEC40B34BCF3F59FD3A /* Pods */ = {
			isa = PBXGroup;
			children = (
				0CF329F54A58D8C6D762BDBD /* Pods-SunriseAlarm.debug.xcconfig */,
				D56E1236B5A300BF9BB6205C /* Pods-SunriseAlarm.release.xcconfig */,
				9E2756DFF21E05ADC73B93D1 /* Pods-Sunrise Alarm.debug.xcconfig */,
				55E5010C086CB4396F1148E2 /* Pods-Sunrise Alarm.release.xcconfig */,
			);
			name = Pods;
			sourceTree = "<group>";
		};
		E38E7619227DFC8A003B904F /* Sunrise Alarm */ = {
			isa = PBXGroup;
			children = (
				E38E7627227DFCB2003B904F /* Sunrise Alarm.entitlements */,
				E38E761A227DFC8A003B904F /* TodayViewController.swift */,
				E38E761C227DFC8A003B904F /* MainInterface.storyboard */,
				E38E761F227DFC8A003B904F /* Info.plist */,
			);
			path = "Sunrise Alarm";
			sourceTree = "<group>";
		};
/* End PBXGroup section */

/* Begin PBXNativeTarget section */
		52814D09205C1946008A68A7 /* SunriseAlarmUITests */ = {
			isa = PBXNativeTarget;
			buildConfigurationList = 52814D11205C1946008A68A7 /* Build configuration list for PBXNativeTarget "SunriseAlarmUITests" */;
			buildPhases = (
				52814D06205C1946008A68A7 /* Sources */,
				52814D07205C1946008A68A7 /* Frameworks */,
				52814D08205C1946008A68A7 /* Resources */,
			);
			buildRules = (
			);
			dependencies = (
				52814D10205C1946008A68A7 /* PBXTargetDependency */,
			);
			name = SunriseAlarmUITests;
			productName = "Sunrise AlarmUITests";
			productReference = 52814D0A205C1946008A68A7 /* SunriseAlarmUITests.xctest */;
			productType = "com.apple.product-type.bundle.ui-testing";
		};
		9EED786B1AA0F03F00961BC2 /* SunriseAlarm */ = {
			isa = PBXNativeTarget;
			buildConfigurationList = 9EED788B1AA0F03F00961BC2 /* Build configuration list for PBXNativeTarget "SunriseAlarm" */;
			buildPhases = (
				0E7CDAA400BF87151E957365 /* [CP] Check Pods Manifest.lock */,
				9EED78681AA0F03F00961BC2 /* Sources */,
				9EED78691AA0F03F00961BC2 /* Frameworks */,
				9EED786A1AA0F03F00961BC2 /* Resources */,
				441F3DB8B2B0013830762EF4 /* [CP] Embed Pods Frameworks */,
				E38E7626227DFC8A003B904F /* Embed App Extensions */,
			);
			buildRules = (
			);
			dependencies = (
				E38E7621227DFC8A003B904F /* PBXTargetDependency */,
			);
			name = SunriseAlarm;
			productName = WeatherAlarm;
			productReference = 9EED786C1AA0F03F00961BC2 /* SunriseAlarm.app */;
			productType = "com.apple.product-type.application";
		};
		9EED78801AA0F03F00961BC2 /* SunriseAlarmTests */ = {
			isa = PBXNativeTarget;
			buildConfigurationList = 9EED788E1AA0F03F00961BC2 /* Build configuration list for PBXNativeTarget "SunriseAlarmTests" */;
			buildPhases = (
				9EED787D1AA0F03F00961BC2 /* Sources */,
				9EED787E1AA0F03F00961BC2 /* Frameworks */,
				9EED787F1AA0F03F00961BC2 /* Resources */,
			);
			buildRules = (
			);
			dependencies = (
				9EED78831AA0F03F00961BC2 /* PBXTargetDependency */,
			);
			name = SunriseAlarmTests;
			productName = WeatherAlarmTests;
			productReference = 9EED78811AA0F03F00961BC2 /* SunriseAlarmTests.xctest */;
			productType = "com.apple.product-type.bundle.unit-test";
		};
		E38E7615227DFC89003B904F /* Sunrise Alarm */ = {
			isa = PBXNativeTarget;
			buildConfigurationList = E38E7623227DFC8A003B904F /* Build configuration list for PBXNativeTarget "Sunrise Alarm" */;
			buildPhases = (
				DD18998BA3E0F32B88F11A47 /* [CP] Check Pods Manifest.lock */,
				E38E7612227DFC89003B904F /* Sources */,
				E38E7613227DFC89003B904F /* Frameworks */,
				E38E7614227DFC89003B904F /* Resources */,
			);
			buildRules = (
			);
			dependencies = (
			);
			name = "Sunrise Alarm";
			productName = "Sunrise Alarm";
			productReference = E38E7616227DFC89003B904F /* Sunrise Alarm.appex */;
			productType = "com.apple.product-type.app-extension";
		};
/* End PBXNativeTarget section */

/* Begin PBXProject section */
		9EED78641AA0F03F00961BC2 /* Project object */ = {
			isa = PBXProject;
			attributes = {
				LastSwiftMigration = 0720;
				LastSwiftUpdateCheck = 1020;
				LastUpgradeCheck = 0910;
				ORGANIZATIONNAME = LongGames;
				TargetAttributes = {
					52814D09205C1946008A68A7 = {
						CreatedOnToolsVersion = 9.2;
						DevelopmentTeam = P5Z7RL76WF;
						ProvisioningStyle = Automatic;
						TestTargetID = 9EED786B1AA0F03F00961BC2;
					};
					9EED786B1AA0F03F00961BC2 = {
						CreatedOnToolsVersion = 6.1.1;
						DevelopmentTeam = P5Z7RL76WF;
						LastSwiftMigration = 0910;
						ProvisioningStyle = Automatic;
						SystemCapabilities = {
							com.apple.ApplicationGroups.iOS = {
								enabled = 1;
							};
							com.apple.BackgroundModes = {
								enabled = 1;
							};
							com.apple.InAppPurchase = {
								enabled = 1;
							};
						};
					};
					9EED78801AA0F03F00961BC2 = {
						CreatedOnToolsVersion = 6.1.1;
						DevelopmentTeam = P5Z7RL76WF;
						LastSwiftMigration = 0910;
						TestTargetID = 9EED786B1AA0F03F00961BC2;
					};
					E38E7615227DFC89003B904F = {
						CreatedOnToolsVersion = 10.2;
						DevelopmentTeam = P5Z7RL76WF;
						ProvisioningStyle = Automatic;
						SystemCapabilities = {
							com.apple.ApplicationGroups.iOS = {
								enabled = 1;
							};
						};
					};
				};
			};
			buildConfigurationList = 9EED78671AA0F03F00961BC2 /* Build configuration list for PBXProject "SunriseAlarm" */;
			compatibilityVersion = "Xcode 3.2";
			developmentRegion = English;
			hasScannedForEncodings = 0;
			knownRegions = (
				English,
				en,
				Base,
			);
			mainGroup = 9EED78631AA0F03F00961BC2;
			productRefGroup = 9EED786D1AA0F03F00961BC2 /* Products */;
			projectDirPath = "";
			projectRoot = "";
			targets = (
				9EED786B1AA0F03F00961BC2 /* SunriseAlarm */,
				9EED78801AA0F03F00961BC2 /* SunriseAlarmTests */,
				52814D09205C1946008A68A7 /* SunriseAlarmUITests */,
				E38E7615227DFC89003B904F /* Sunrise Alarm */,
			);
		};
/* End PBXProject section */

/* Begin PBXResourcesBuildPhase section */
		52814D08205C1946008A68A7 /* Resources */ = {
			isa = PBXResourcesBuildPhase;
			buildActionMask = 2147483647;
			files = (
			);
			runOnlyForDeploymentPostprocessing = 0;
		};
		9EED786A1AA0F03F00961BC2 /* Resources */ = {
			isa = PBXResourcesBuildPhase;
			buildActionMask = 2147483647;
			files = (
				52AF6DAF2056D9B900696CFF /* Escape.mp3 in Resources */,
				52AF6DB82056D9B900696CFF /* Funky.mp3 in Resources */,
				52AF6DB92056D9B900696CFF /* Trumpet.mp3 in Resources */,
				52AF6DB12056D9B900696CFF /* Police.mp3 in Resources */,
				9E92445B1C690A8D00724DFA /* Tickle.mp3 in Resources */,
				524E3032211E2D11009F7055 /* GothamProBlack.ttf in Resources */,
				52AF6DB22056D9B900696CFF /* Wake.mp3 in Resources */,
				52AF6D9D2056D97E00696CFF /* Space.mp3 in Resources */,
				52AF6DB42056D9B900696CFF /* Lollypop.mp3 in Resources */,
				52AF6DB02056D9B900696CFF /* Oldie.mp3 in Resources */,
				9EED78771AA0F03F00961BC2 /* Main.storyboard in Resources */,
				524E3034211E2D11009F7055 /* GothamProBold.ttf in Resources */,
				524E3033211E2D11009F7055 /* GothamProRegular.ttf in Resources */,
				52814CF720584D33008A68A7 /* LaunchScreen.xib in Resources */,
				9E3B062F1BB8347000453456 /* Bell.mp3 in Resources */,
				52AF6DBC2056D9B900696CFF /* Transmission.mp3 in Resources */,
				524E3031211E2D11009F7055 /* GothamProMedium.ttf in Resources */,
				52AF6DBD2056D9B900696CFF /* Chime.mp3 in Resources */,
				52AF6DB72056D9B900696CFF /* Ping.mp3 in Resources */,
				52AF6DBB2056D9B900696CFF /* Party.mp3 in Resources */,
				52AF6DB32056D9B900696CFF /* Electronica.mp3 in Resources */,
				52AF6DBA2056D9B900696CFF /* Tugboat.mp3 in Resources */,
				52AF6DB52056D9B900696CFF /* Dracula.mp3 in Resources */,
				9EED78791AA0F03F00961BC2 /* Images.xcassets in Resources */,
				52AF6D9F2056D99200696CFF /* Ring.mp3 in Resources */,
			);
			runOnlyForDeploymentPostprocessing = 0;
		};
		9EED787F1AA0F03F00961BC2 /* Resources */ = {
			isa = PBXResourcesBuildPhase;
			buildActionMask = 2147483647;
			files = (
			);
			runOnlyForDeploymentPostprocessing = 0;
		};
		E38E7614227DFC89003B904F /* Resources */ = {
			isa = PBXResourcesBuildPhase;
			buildActionMask = 2147483647;
			files = (
				E38E763D227EB76B003B904F /* GothamProRegular.ttf in Resources */,
				E38E763A227EB76B003B904F /* GothamProBlack.ttf in Resources */,
				E38E763C227EB76B003B904F /* GothamProMedium.ttf in Resources */,
				E38E761E227DFC8A003B904F /* MainInterface.storyboard in Resources */,
				E38E763B227EB76B003B904F /* GothamProBold.ttf in Resources */,
			);
			runOnlyForDeploymentPostprocessing = 0;
		};
/* End PBXResourcesBuildPhase section */

/* Begin PBXShellScriptBuildPhase section */
		0E7CDAA400BF87151E957365 /* [CP] Check Pods Manifest.lock */ = {
			isa = PBXShellScriptBuildPhase;
			buildActionMask = 2147483647;
			files = (
			);
			inputPaths = (
				"${PODS_PODFILE_DIR_PATH}/Podfile.lock",
				"${PODS_ROOT}/Manifest.lock",
			);
			name = "[CP] Check Pods Manifest.lock";
			outputPaths = (
				"$(DERIVED_FILE_DIR)/Pods-SunriseAlarm-checkManifestLockResult.txt",
			);
			runOnlyForDeploymentPostprocessing = 0;
			shellPath = /bin/sh;
			shellScript = "diff \"${PODS_PODFILE_DIR_PATH}/Podfile.lock\" \"${PODS_ROOT}/Manifest.lock\" > /dev/null\nif [ $? != 0 ] ; then\n    # print error to STDERR\n    echo \"error: The sandbox is not in sync with the Podfile.lock. Run 'pod install' or update your CocoaPods installation.\" >&2\n    exit 1\nfi\n# This output is used by Xcode 'outputs' to avoid re-running this script phase.\necho \"SUCCESS\" > \"${SCRIPT_OUTPUT_FILE_0}\"\n";
			showEnvVarsInLog = 0;
		};
		441F3DB8B2B0013830762EF4 /* [CP] Embed Pods Frameworks */ = {
			isa = PBXShellScriptBuildPhase;
			buildActionMask = 2147483647;
			files = (
			);
			inputPaths = (
				"${PODS_ROOT}/Target Support Files/Pods-SunriseAlarm/Pods-SunriseAlarm-frameworks.sh",
				"${BUILT_PRODUCTS_DIR}/FontAwesome.swift/FontAwesome_swift.framework",
				"${BUILT_PRODUCTS_DIR}/SCLAlertView/SCLAlertView.framework",
				"${BUILT_PRODUCTS_DIR}/SwiftySound/SwiftySound.framework",
				"${BUILT_PRODUCTS_DIR}/SwiftyStoreKit/SwiftyStoreKit.framework",
				"${BUILT_PRODUCTS_DIR}/paper-onboarding/paper_onboarding.framework",
			);
			name = "[CP] Embed Pods Frameworks";
			outputPaths = (
				"${TARGET_BUILD_DIR}/${FRAMEWORKS_FOLDER_PATH}/FontAwesome_swift.framework",
				"${TARGET_BUILD_DIR}/${FRAMEWORKS_FOLDER_PATH}/SCLAlertView.framework",
				"${TARGET_BUILD_DIR}/${FRAMEWORKS_FOLDER_PATH}/SwiftySound.framework",
				"${TARGET_BUILD_DIR}/${FRAMEWORKS_FOLDER_PATH}/SwiftyStoreKit.framework",
				"${TARGET_BUILD_DIR}/${FRAMEWORKS_FOLDER_PATH}/paper_onboarding.framework",
			);
			runOnlyForDeploymentPostprocessing = 0;
			shellPath = /bin/sh;
			shellScript = "\"${PODS_ROOT}/Target Support Files/Pods-SunriseAlarm/Pods-SunriseAlarm-frameworks.sh\"\n";
			showEnvVarsInLog = 0;
		};
		DD18998BA3E0F32B88F11A47 /* [CP] Check Pods Manifest.lock */ = {
			isa = PBXShellScriptBuildPhase;
			buildActionMask = 2147483647;
			files = (
			);
			inputFileListPaths = (
			);
			inputPaths = (
				"${PODS_PODFILE_DIR_PATH}/Podfile.lock",
				"${PODS_ROOT}/Manifest.lock",
			);
			name = "[CP] Check Pods Manifest.lock";
			outputFileListPaths = (
			);
			outputPaths = (
				"$(DERIVED_FILE_DIR)/Pods-Sunrise Alarm-checkManifestLockResult.txt",
			);
			runOnlyForDeploymentPostprocessing = 0;
			shellPath = /bin/sh;
			shellScript = "diff \"${PODS_PODFILE_DIR_PATH}/Podfile.lock\" \"${PODS_ROOT}/Manifest.lock\" > /dev/null\nif [ $? != 0 ] ; then\n    # print error to STDERR\n    echo \"error: The sandbox is not in sync with the Podfile.lock. Run 'pod install' or update your CocoaPods installation.\" >&2\n    exit 1\nfi\n# This output is used by Xcode 'outputs' to avoid re-running this script phase.\necho \"SUCCESS\" > \"${SCRIPT_OUTPUT_FILE_0}\"\n";
			showEnvVarsInLog = 0;
		};
/* End PBXShellScriptBuildPhase section */

/* Begin PBXSourcesBuildPhase section */
		52814D06205C1946008A68A7 /* Sources */ = {
			isa = PBXSourcesBuildPhase;
			buildActionMask = 2147483647;
			files = (
				52814D0D205C1946008A68A7 /* Sunrise_AlarmUITests.swift in Sources */,
				52814D14205C1950008A68A7 /* SnapshotHelper.swift in Sources */,
			);
			runOnlyForDeploymentPostprocessing = 0;
		};
		9EED78681AA0F03F00961BC2 /* Sources */ = {
			isa = PBXSourcesBuildPhase;
			buildActionMask = 2147483647;
			files = (
				9EED789A1AA36C7900961BC2 /* AlarmAddEditViewController.swift in Sources */,
				7773A0F81E43276700811A1D /* Constants.swift in Sources */,
				9E1F30731C49128000C66F79 /* Scheduler.swift in Sources */,
				9E16062C1C62358F009B2407 /* ChooseSound.swift in Sources */,
				52C7035421442D7800AC839F /* Dialogs.swift in Sources */,
				9EED78721AA0F03F00961BC2 /* AppDelegate.swift in Sources */,
				7773A0FA1E4610B700811A1D /* SegueInfo.swift in Sources */,
				77B08F9F1EA6552100BECF6C /* NotificationName+Extension.swift in Sources */,
				52C7034E21442B8200AC839F /* Themes.swift in Sources */,
				77A8570D1E40D76000971367 /* AlarmApplicationDelegate.swift in Sources */,
				9EED78941AA1E51700961BC2 /* AlarmModel.swift in Sources */,
				9E603F591BD7CA6600303E93 /* LabelEditViewController.swift in Sources */,
				9EEEC58C1BC641BF00459CF7 /* MainAlarmViewController.swift in Sources */,
				52814CFB205B1759008A68A7 /* Utils.swift in Sources */,
				7732E6131E38A50200C9D9A2 /* Persistable.swift in Sources */,
				7701B7B31E99414800908B6C /* UIWindow+Extension.swift in Sources */,
				77A8570F1E41A04600971367 /* AlarmSchedulerDelegate.swift in Sources */,
				52C7035221442BA700AC839F /* Upgrade.swift in Sources */,
				52814CF9205B0F1D008A68A7 /* Extensions.swift in Sources */,
				52C7034821442B3000AC839F /* Purchase.swift in Sources */,
				77570F6B1E3EEA75005E2923 /* PropertyReflectable.swift in Sources */,
				9E9BEE071BCF8FF8000CF364 /* WeekdaysViewController.swift in Sources */,
				524E3022211DEEFF009F7055 /* Settings.swift in Sources */,
			);
			runOnlyForDeploymentPostprocessing = 0;
		};
		9EED787D1AA0F03F00961BC2 /* Sources */ = {
			isa = PBXSourcesBuildPhase;
			buildActionMask = 2147483647;
			files = (
			);
			runOnlyForDeploymentPostprocessing = 0;
		};
		E38E7612227DFC89003B904F /* Sources */ = {
			isa = PBXSourcesBuildPhase;
			buildActionMask = 2147483647;
			files = (
				E38E7632227EB067003B904F /* Persistable.swift in Sources */,
				E38E7636227EB166003B904F /* Extensions.swift in Sources */,
				E38E7635227EB163003B904F /* Scheduler.swift in Sources */,
				E38E761B227DFC8A003B904F /* TodayViewController.swift in Sources */,
				E38E762E227EAF43003B904F /* WeekdaysViewController.swift in Sources */,
				E38E7639227EB1B4003B904F /* Utils.swift in Sources */,
				E38E762B227EAA15003B904F /* AlarmModel.swift in Sources */,
				E38E762C227EAE83003B904F /* Constants.swift in Sources */,
				E38E762F227EB014003B904F /* AlarmSchedulerDelegate.swift in Sources */,
				E38E7634227EB15E003B904F /* PropertyReflectable.swift in Sources */,
			);
			runOnlyForDeploymentPostprocessing = 0;
		};
/* End PBXSourcesBuildPhase section */

/* Begin PBXTargetDependency section */
		52814D10205C1946008A68A7 /* PBXTargetDependency */ = {
			isa = PBXTargetDependency;
			target = 9EED786B1AA0F03F00961BC2 /* SunriseAlarm */;
			targetProxy = 52814D0F205C1946008A68A7 /* PBXContainerItemProxy */;
		};
		9EED78831AA0F03F00961BC2 /* PBXTargetDependency */ = {
			isa = PBXTargetDependency;
			target = 9EED786B1AA0F03F00961BC2 /* SunriseAlarm */;
			targetProxy = 9EED78821AA0F03F00961BC2 /* PBXContainerItemProxy */;
		};
		E38E7621227DFC8A003B904F /* PBXTargetDependency */ = {
			isa = PBXTargetDependency;
			target = E38E7615227DFC89003B904F /* Sunrise Alarm */;
			targetProxy = E38E7620227DFC8A003B904F /* PBXContainerItemProxy */;
		};
/* End PBXTargetDependency section */

/* Begin PBXVariantGroup section */
		9EED78751AA0F03F00961BC2 /* Main.storyboard */ = {
			isa = PBXVariantGroup;
			children = (
				9EED78761AA0F03F00961BC2 /* Base */,
			);
			name = Main.storyboard;
			path = .;
			sourceTree = "<group>";
		};
		E38E761C227DFC8A003B904F /* MainInterface.storyboard */ = {
			isa = PBXVariantGroup;
			children = (
				E38E761D227DFC8A003B904F /* Base */,
			);
			name = MainInterface.storyboard;
			sourceTree = "<group>";
		};
/* End PBXVariantGroup section */

/* Begin XCBuildConfiguration section */
		52814D12205C1946008A68A7 /* Debug */ = {
			isa = XCBuildConfiguration;
			buildSettings = {
				CLANG_ANALYZER_NONNULL = YES;
				CLANG_ANALYZER_NUMBER_OBJECT_CONVERSION = YES_AGGRESSIVE;
				CLANG_CXX_LANGUAGE_STANDARD = "gnu++14";
				CLANG_WARN_DOCUMENTATION_COMMENTS = YES;
				CLANG_WARN_UNGUARDED_AVAILABILITY = YES_AGGRESSIVE;
				CODE_SIGN_IDENTITY = "iPhone Developer";
				CODE_SIGN_STYLE = Automatic;
				DEBUG_INFORMATION_FORMAT = dwarf;
				DEVELOPMENT_TEAM = P5Z7RL76WF;
				GCC_C_LANGUAGE_STANDARD = gnu11;
				INFOPLIST_FILE = "Sunrise AlarmUITests/Info.plist";
				IPHONEOS_DEPLOYMENT_TARGET = 11.2;
				LD_RUNPATH_SEARCH_PATHS = "$(inherited) @executable_path/Frameworks @loader_path/Frameworks";
				PRODUCT_BUNDLE_IDENTIFIER = "com.joeyt.Sunrise-AlarmUITests";
				PRODUCT_NAME = "$(TARGET_NAME)";
				SWIFT_ACTIVE_COMPILATION_CONDITIONS = DEBUG;
				SWIFT_VERSION = 4.0;
				TARGETED_DEVICE_FAMILY = "1,2";
				TEST_TARGET_NAME = "Sunrise Alarm";
			};
			name = Debug;
		};
		52814D13205C1946008A68A7 /* Release */ = {
			isa = XCBuildConfiguration;
			buildSettings = {
				CLANG_ANALYZER_NONNULL = YES;
				CLANG_ANALYZER_NUMBER_OBJECT_CONVERSION = YES_AGGRESSIVE;
				CLANG_CXX_LANGUAGE_STANDARD = "gnu++14";
				CLANG_WARN_DOCUMENTATION_COMMENTS = YES;
				CLANG_WARN_UNGUARDED_AVAILABILITY = YES_AGGRESSIVE;
				CODE_SIGN_IDENTITY = "iPhone Developer";
				CODE_SIGN_STYLE = Automatic;
				COPY_PHASE_STRIP = NO;
				DEBUG_INFORMATION_FORMAT = "dwarf-with-dsym";
				DEVELOPMENT_TEAM = P5Z7RL76WF;
				GCC_C_LANGUAGE_STANDARD = gnu11;
				INFOPLIST_FILE = "Sunrise AlarmUITests/Info.plist";
				IPHONEOS_DEPLOYMENT_TARGET = 11.2;
				LD_RUNPATH_SEARCH_PATHS = "$(inherited) @executable_path/Frameworks @loader_path/Frameworks";
				PRODUCT_BUNDLE_IDENTIFIER = "com.joeyt.Sunrise-AlarmUITests";
				PRODUCT_NAME = "$(TARGET_NAME)";
				SWIFT_VERSION = 4.0;
				TARGETED_DEVICE_FAMILY = "1,2";
				TEST_TARGET_NAME = "Sunrise Alarm";
			};
			name = Release;
		};
		9EED78891AA0F03F00961BC2 /* Debug */ = {
			isa = XCBuildConfiguration;
			buildSettings = {
				ALWAYS_SEARCH_USER_PATHS = NO;
				CLANG_CXX_LANGUAGE_STANDARD = "gnu++0x";
				CLANG_CXX_LIBRARY = "libc++";
				CLANG_ENABLE_MODULES = YES;
				CLANG_ENABLE_OBJC_ARC = YES;
				CLANG_WARN_BLOCK_CAPTURE_AUTORELEASING = YES;
				CLANG_WARN_BOOL_CONVERSION = YES;
				CLANG_WARN_COMMA = YES;
				CLANG_WARN_CONSTANT_CONVERSION = YES;
				CLANG_WARN_DIRECT_OBJC_ISA_USAGE = YES_ERROR;
				CLANG_WARN_EMPTY_BODY = YES;
				CLANG_WARN_ENUM_CONVERSION = YES;
				CLANG_WARN_INFINITE_RECURSION = YES;
				CLANG_WARN_INT_CONVERSION = YES;
				CLANG_WARN_NON_LITERAL_NULL_CONVERSION = YES;
				CLANG_WARN_OBJC_LITERAL_CONVERSION = YES;
				CLANG_WARN_OBJC_ROOT_CLASS = YES_ERROR;
				CLANG_WARN_RANGE_LOOP_ANALYSIS = YES;
				CLANG_WARN_STRICT_PROTOTYPES = YES;
				CLANG_WARN_SUSPICIOUS_MOVE = YES;
				CLANG_WARN_UNREACHABLE_CODE = YES;
				CLANG_WARN__DUPLICATE_METHOD_MATCH = YES;
				"CODE_SIGN_IDENTITY[sdk=iphoneos*]" = "iPhone Developer";
				COPY_PHASE_STRIP = NO;
				ENABLE_STRICT_OBJC_MSGSEND = YES;
				ENABLE_TESTABILITY = YES;
				GCC_C_LANGUAGE_STANDARD = gnu99;
				GCC_DYNAMIC_NO_PIC = NO;
				GCC_NO_COMMON_BLOCKS = YES;
				GCC_OPTIMIZATION_LEVEL = 0;
				GCC_PREPROCESSOR_DEFINITIONS = (
					"DEBUG=1",
					"$(inherited)",
				);
				GCC_SYMBOLS_PRIVATE_EXTERN = NO;
				GCC_WARN_64_TO_32_BIT_CONVERSION = YES;
				GCC_WARN_ABOUT_RETURN_TYPE = YES_ERROR;
				GCC_WARN_UNDECLARED_SELECTOR = YES;
				GCC_WARN_UNINITIALIZED_AUTOS = YES_AGGRESSIVE;
				GCC_WARN_UNUSED_FUNCTION = YES;
				GCC_WARN_UNUSED_VARIABLE = YES;
				IPHONEOS_DEPLOYMENT_TARGET = 10.0;
				MTL_ENABLE_DEBUG_INFO = YES;
				ONLY_ACTIVE_ARCH = YES;
				SDKROOT = iphoneos;
				SWIFT_OPTIMIZATION_LEVEL = "-Onone";
				TARGETED_DEVICE_FAMILY = "1,2";
			};
			name = Debug;
		};
		9EED788A1AA0F03F00961BC2 /* Release */ = {
			isa = XCBuildConfiguration;
			buildSettings = {
				ALWAYS_SEARCH_USER_PATHS = NO;
				CLANG_CXX_LANGUAGE_STANDARD = "gnu++0x";
				CLANG_CXX_LIBRARY = "libc++";
				CLANG_ENABLE_MODULES = YES;
				CLANG_ENABLE_OBJC_ARC = YES;
				CLANG_WARN_BLOCK_CAPTURE_AUTORELEASING = YES;
				CLANG_WARN_BOOL_CONVERSION = YES;
				CLANG_WARN_COMMA = YES;
				CLANG_WARN_CONSTANT_CONVERSION = YES;
				CLANG_WARN_DIRECT_OBJC_ISA_USAGE = YES_ERROR;
				CLANG_WARN_EMPTY_BODY = YES;
				CLANG_WARN_ENUM_CONVERSION = YES;
				CLANG_WARN_INFINITE_RECURSION = YES;
				CLANG_WARN_INT_CONVERSION = YES;
				CLANG_WARN_NON_LITERAL_NULL_CONVERSION = YES;
				CLANG_WARN_OBJC_LITERAL_CONVERSION = YES;
				CLANG_WARN_OBJC_ROOT_CLASS = YES_ERROR;
				CLANG_WARN_RANGE_LOOP_ANALYSIS = YES;
				CLANG_WARN_STRICT_PROTOTYPES = YES;
				CLANG_WARN_SUSPICIOUS_MOVE = YES;
				CLANG_WARN_UNREACHABLE_CODE = YES;
				CLANG_WARN__DUPLICATE_METHOD_MATCH = YES;
				"CODE_SIGN_IDENTITY[sdk=iphoneos*]" = "iPhone Developer";
				COPY_PHASE_STRIP = YES;
				ENABLE_NS_ASSERTIONS = NO;
				ENABLE_STRICT_OBJC_MSGSEND = YES;
				GCC_C_LANGUAGE_STANDARD = gnu99;
				GCC_NO_COMMON_BLOCKS = YES;
				GCC_WARN_64_TO_32_BIT_CONVERSION = YES;
				GCC_WARN_ABOUT_RETURN_TYPE = YES_ERROR;
				GCC_WARN_UNDECLARED_SELECTOR = YES;
				GCC_WARN_UNINITIALIZED_AUTOS = YES_AGGRESSIVE;
				GCC_WARN_UNUSED_FUNCTION = YES;
				GCC_WARN_UNUSED_VARIABLE = YES;
				IPHONEOS_DEPLOYMENT_TARGET = 10.0;
				MTL_ENABLE_DEBUG_INFO = NO;
				SDKROOT = iphoneos;
				SWIFT_OPTIMIZATION_LEVEL = "-Owholemodule";
				TARGETED_DEVICE_FAMILY = "1,2";
				VALIDATE_PRODUCT = YES;
			};
			name = Release;
		};
		9EED788C1AA0F03F00961BC2 /* Debug */ = {
			isa = XCBuildConfiguration;
			baseConfigurationReference = 0CF329F54A58D8C6D762BDBD /* Pods-SunriseAlarm.debug.xcconfig */;
			buildSettings = {
				ALWAYS_EMBED_SWIFT_STANDARD_LIBRARIES = YES;
				ASSETCATALOG_COMPILER_APPICON_NAME = AppIcon;
				CODE_SIGN_ENTITLEMENTS = SunriseAlarm/SunriseAlarm.entitlements;
				CODE_SIGN_IDENTITY = "iPhone Developer";
				"CODE_SIGN_IDENTITY[sdk=iphoneos*]" = "iPhone Developer";
				CODE_SIGN_STYLE = Automatic;
				DEVELOPMENT_TEAM = P5Z7RL76WF;
				INFOPLIST_FILE = "$(SRCROOT)/SunriseAlarm/Resources/Info.plist";
				IPHONEOS_DEPLOYMENT_TARGET = 10.0;
				LD_RUNPATH_SEARCH_PATHS = "$(inherited) @executable_path/Frameworks";
				PRODUCT_BUNDLE_IDENTIFIER = com.joeyt.sunriseAlarm;
				PRODUCT_NAME = SunriseAlarm;
				PROVISIONING_PROFILE_SPECIFIER = "";
				SWIFT_SWIFT3_OBJC_INFERENCE = On;
				SWIFT_VERSION = 4.0;
				TARGETED_DEVICE_FAMILY = "1,2";
			};
			name = Debug;
		};
		9EED788D1AA0F03F00961BC2 /* Release */ = {
			isa = XCBuildConfiguration;
			baseConfigurationReference = D56E1236B5A300BF9BB6205C /* Pods-SunriseAlarm.release.xcconfig */;
			buildSettings = {
				ALWAYS_EMBED_SWIFT_STANDARD_LIBRARIES = YES;
				ASSETCATALOG_COMPILER_APPICON_NAME = AppIcon;
				CODE_SIGN_ENTITLEMENTS = SunriseAlarm/SunriseAlarm.entitlements;
				CODE_SIGN_IDENTITY = "iPhone Developer";
				"CODE_SIGN_IDENTITY[sdk=iphoneos*]" = "iPhone Developer";
				CODE_SIGN_STYLE = Automatic;
				DEVELOPMENT_TEAM = P5Z7RL76WF;
				INFOPLIST_FILE = "$(SRCROOT)/SunriseAlarm/Resources/Info.plist";
				IPHONEOS_DEPLOYMENT_TARGET = 10.0;
				LD_RUNPATH_SEARCH_PATHS = "$(inherited) @executable_path/Frameworks";
				PRODUCT_BUNDLE_IDENTIFIER = com.joeyt.sunriseAlarm;
				PRODUCT_NAME = SunriseAlarm;
				PROVISIONING_PROFILE_SPECIFIER = "";
				SWIFT_SWIFT3_OBJC_INFERENCE = On;
				SWIFT_VERSION = 4.0;
				TARGETED_DEVICE_FAMILY = "1,2";
			};
			name = Release;
		};
		9EED788F1AA0F03F00961BC2 /* Debug */ = {
			isa = XCBuildConfiguration;
			buildSettings = {
				BUNDLE_LOADER = "$(TEST_HOST)";
				DEVELOPMENT_TEAM = P5Z7RL76WF;
				FRAMEWORK_SEARCH_PATHS = (
					"$(SDKROOT)/Developer/Library/Frameworks",
					"$(inherited)",
				);
				GCC_PREPROCESSOR_DEFINITIONS = (
					"DEBUG=1",
					"$(inherited)",
				);
				INFOPLIST_FILE = AlarmTests/Info.plist;
				LD_RUNPATH_SEARCH_PATHS = "$(inherited) @executable_path/Frameworks @loader_path/Frameworks";
				PRODUCT_BUNDLE_IDENTIFIER = "LongGames.$(PRODUCT_NAME:rfc1034identifier)";
				PRODUCT_NAME = SunriseAlarmTests;
				SWIFT_SWIFT3_OBJC_INFERENCE = On;
				SWIFT_VERSION = 4.0;
				TEST_HOST = "$(BUILT_PRODUCTS_DIR)/SunriseAlarm.app/SunriseAlarm";
			};
			name = Debug;
		};
		9EED78901AA0F03F00961BC2 /* Release */ = {
			isa = XCBuildConfiguration;
			buildSettings = {
				BUNDLE_LOADER = "$(TEST_HOST)";
				DEVELOPMENT_TEAM = P5Z7RL76WF;
				FRAMEWORK_SEARCH_PATHS = (
					"$(SDKROOT)/Developer/Library/Frameworks",
					"$(inherited)",
				);
				INFOPLIST_FILE = AlarmTests/Info.plist;
				LD_RUNPATH_SEARCH_PATHS = "$(inherited) @executable_path/Frameworks @loader_path/Frameworks";
				PRODUCT_BUNDLE_IDENTIFIER = "LongGames.$(PRODUCT_NAME:rfc1034identifier)";
				PRODUCT_NAME = SunriseAlarmTests;
				SWIFT_SWIFT3_OBJC_INFERENCE = On;
				SWIFT_VERSION = 4.0;
				TEST_HOST = "$(BUILT_PRODUCTS_DIR)/SunriseAlarm.app/SunriseAlarm";
			};
			name = Release;
		};
		E38E7624227DFC8A003B904F /* Debug */ = {
			isa = XCBuildConfiguration;
			baseConfigurationReference = 9E2756DFF21E05ADC73B93D1 /* Pods-Sunrise Alarm.debug.xcconfig */;
			buildSettings = {
				APPLICATION_EXTENSION_API_ONLY = NO;
				CLANG_ANALYZER_NONNULL = YES;
				CLANG_ANALYZER_NUMBER_OBJECT_CONVERSION = YES_AGGRESSIVE;
				CLANG_CXX_LANGUAGE_STANDARD = "gnu++14";
				CLANG_ENABLE_OBJC_WEAK = YES;
				CLANG_WARN_DEPRECATED_OBJC_IMPLEMENTATIONS = YES;
				CLANG_WARN_DOCUMENTATION_COMMENTS = YES;
				CLANG_WARN_OBJC_IMPLICIT_RETAIN_SELF = YES;
				CLANG_WARN_UNGUARDED_AVAILABILITY = YES_AGGRESSIVE;
				CODE_SIGN_ENTITLEMENTS = "Sunrise Alarm/Sunrise Alarm.entitlements";
				CODE_SIGN_IDENTITY = "iPhone Developer";
				CODE_SIGN_STYLE = Automatic;
				DEBUG_INFORMATION_FORMAT = dwarf;
				DEVELOPMENT_TEAM = P5Z7RL76WF;
				GCC_C_LANGUAGE_STANDARD = gnu11;
				INFOPLIST_FILE = "Sunrise Alarm/Info.plist";
				IPHONEOS_DEPLOYMENT_TARGET = 10.0;
				LD_RUNPATH_SEARCH_PATHS = "$(inherited) @executable_path/Frameworks @executable_path/../../Frameworks";
				MTL_ENABLE_DEBUG_INFO = INCLUDE_SOURCE;
				MTL_FAST_MATH = YES;
				PRODUCT_BUNDLE_IDENTIFIER = com.joeyt.sunriseAlarm.sunriseAlarmWidgets;
				PRODUCT_NAME = "$(TARGET_NAME)";
				SKIP_INSTALL = YES;
				SWIFT_ACTIVE_COMPILATION_CONDITIONS = DEBUG;
				SWIFT_VERSION = 5.0;
				TARGETED_DEVICE_FAMILY = "1,2";
			};
			name = Debug;
		};
		E38E7625227DFC8A003B904F /* Release */ = {
			isa = XCBuildConfiguration;
			baseConfigurationReference = 55E5010C086CB4396F1148E2 /* Pods-Sunrise Alarm.release.xcconfig */;
			buildSettings = {
				APPLICATION_EXTENSION_API_ONLY = NO;
				CLANG_ANALYZER_NONNULL = YES;
				CLANG_ANALYZER_NUMBER_OBJECT_CONVERSION = YES_AGGRESSIVE;
				CLANG_CXX_LANGUAGE_STANDARD = "gnu++14";
				CLANG_ENABLE_OBJC_WEAK = YES;
				CLANG_WARN_DEPRECATED_OBJC_IMPLEMENTATIONS = YES;
				CLANG_WARN_DOCUMENTATION_COMMENTS = YES;
				CLANG_WARN_OBJC_IMPLICIT_RETAIN_SELF = YES;
				CLANG_WARN_UNGUARDED_AVAILABILITY = YES_AGGRESSIVE;
				CODE_SIGN_ENTITLEMENTS = "Sunrise Alarm/Sunrise Alarm.entitlements";
				CODE_SIGN_IDENTITY = "iPhone Developer";
				CODE_SIGN_STYLE = Automatic;
				COPY_PHASE_STRIP = NO;
				DEBUG_INFORMATION_FORMAT = "dwarf-with-dsym";
				DEVELOPMENT_TEAM = P5Z7RL76WF;
				GCC_C_LANGUAGE_STANDARD = gnu11;
				INFOPLIST_FILE = "Sunrise Alarm/Info.plist";
				IPHONEOS_DEPLOYMENT_TARGET = 10.0;
				LD_RUNPATH_SEARCH_PATHS = "$(inherited) @executable_path/Frameworks @executable_path/../../Frameworks";
				MTL_FAST_MATH = YES;
				PRODUCT_BUNDLE_IDENTIFIER = com.joeyt.sunriseAlarm.sunriseAlarmWidgets;
				PRODUCT_NAME = "$(TARGET_NAME)";
				SKIP_INSTALL = YES;
				SWIFT_VERSION = 5.0;
				TARGETED_DEVICE_FAMILY = "1,2";
			};
			name = Release;
		};
/* End XCBuildConfiguration section */

/* Begin XCConfigurationList section */
		52814D11205C1946008A68A7 /* Build configuration list for PBXNativeTarget "SunriseAlarmUITests" */ = {
			isa = XCConfigurationList;
			buildConfigurations = (
				52814D12205C1946008A68A7 /* Debug */,
				52814D13205C1946008A68A7 /* Release */,
			);
			defaultConfigurationIsVisible = 0;
			defaultConfigurationName = Release;
		};
		9EED78671AA0F03F00961BC2 /* Build configuration list for PBXProject "SunriseAlarm" */ = {
			isa = XCConfigurationList;
			buildConfigurations = (
				9EED78891AA0F03F00961BC2 /* Debug */,
				9EED788A1AA0F03F00961BC2 /* Release */,
			);
			defaultConfigurationIsVisible = 0;
			defaultConfigurationName = Release;
		};
		9EED788B1AA0F03F00961BC2 /* Build configuration list for PBXNativeTarget "SunriseAlarm" */ = {
			isa = XCConfigurationList;
			buildConfigurations = (
				9EED788C1AA0F03F00961BC2 /* Debug */,
				9EED788D1AA0F03F00961BC2 /* Release */,
			);
			defaultConfigurationIsVisible = 0;
			defaultConfigurationName = Release;
		};
		9EED788E1AA0F03F00961BC2 /* Build configuration list for PBXNativeTarget "SunriseAlarmTests" */ = {
			isa = XCConfigurationList;
			buildConfigurations = (
				9EED788F1AA0F03F00961BC2 /* Debug */,
				9EED78901AA0F03F00961BC2 /* Release */,
			);
			defaultConfigurationIsVisible = 0;
			defaultConfigurationName = Release;
		};
		E38E7623227DFC8A003B904F /* Build configuration list for PBXNativeTarget "Sunrise Alarm" */ = {
			isa = XCConfigurationList;
			buildConfigurations = (
				E38E7624227DFC8A003B904F /* Debug */,
				E38E7625227DFC8A003B904F /* Release */,
			);
			defaultConfigurationIsVisible = 0;
			defaultConfigurationName = Release;
		};
/* End XCConfigurationList section */
	};
	rootObject = 9EED78641AA0F03F00961BC2 /* Project object */;
}
